{
  "name": "sbc",
  "version": "1.0.0",
  "lockfileVersion": 3,
  "requires": true,
  "packages": {
    "": {
      "name": "sbc",
      "version": "1.0.0",
      "license": "MIT",
      "dependencies": {
        "fs-adapters": "^7.0.2"
      }
    },
    "node_modules/fs-adapters": {
      "version": "7.0.2",
      "resolved": "https://registry.npmjs.org/fs-adapters/-/fs-adapters-7.0.2.tgz",
      "integrity": "sha512-R0+BQyl+5SZKiCUH/O9RGfIsO2u3W+4d+AgAnZGSk+5EmW12641asawEhCQ39EBxU/b8cZl1v+N5so8hO7B+6g==",
      "license": "MIT",
      "dependencies": {
        "stream-buffers": "^3.0.2"
      },
      "engines": {
        "node": ">=18.16.1"
      }
    },
    "node_modules/stream-buffers": {
      "version": "3.0.3",
      "resolved": "https://registry.npmjs.org/stream-buffers/-/stream-buffers-3.0.3.tgz",
      "integrity": "sha512-pqMqwQCso0PBJt2PQmDO0cFj0lyqmiwOMiMSkVtRokl7e+ZTRYgDHKnuZNbqjiJXgsg4nuqtD/zxuo9KqTp0Yw==",
      "license": "Unlicense",
      "engines": {
        "node": ">= 0.10.0"
      }
    }
  }
}
